
Microsoft Visual Studio Solution File, Format Version 12.00
# Visual Studio 15
VisualStudioVersion = 15.0.27703.2035
MinimumVisualStudioVersion = 10.0.40219.1
Project("{FAE04EC0-301F-11D3-BF4B-00C04F79EFBC}") = "TinyUniversity", "TinyUniversity\TinyUniversity.csproj", "{DA94E9F0-8BA5-4F83-AC16-35CC407CC7FE}"
EndProject
Global
	GlobalSection(SolutionConfigurationPlatforms) = preSolution
		Debug|Any CPU = Debug|Any CPU
		Release|Any CPU = Release|Any CPU
	EndGlobalSection
	GlobalSection(ProjectConfigurationPlatforms) = postSolution
		{DA94E9F0-8BA5-4F83-AC16-35CC407CC7FE}.Debug|Any CPU.ActiveCfg = Debug|Any CPU
		{DA94E9F0-8BA5-4F83-AC16-35CC407CC7FE}.Debug|Any CPU.Build.0 = Debug|Any CPU
		{DA94E9F0-8BA5-4F83-AC16-35CC407CC7FE}.Release|Any CPU.ActiveCfg = Release|Any CPU
		{DA94E9F0-8BA5-4F83-AC16-35CC407CC7FE}.Release|Any CPU.Build.0 = Release|Any CPU
	EndGlobalSection
	GlobalSection(SolutionProperties) = preSolution
		HideSolutionNode = FALSE
	EndGlobalSection
	GlobalSection(ExtensibilityGlobals) = postSolution
		SolutionGuid = {3A688030-A3EB-4432-926F-12271714CC78}
	EndGlobalSection
EndGlobal
